{
  "name": "schedulegenerator-root",
  "version": "0.0.0",
  "lockfileVersion": 3,
  "requires": true,
  "packages": {
    "": {
      "name": "schedulegenerator-root",
      "version": "0.0.0",
      "devDependencies": {
        "@tytoltd/tyto-docs": "file:/Users/michaeltomlinson/Documents/TYTO/AI_DOCS_CLAUDE_PLUGIN/packages/tyto-docs-cli",
        "@tytoltd/tyto-docs-engine": "file:/Users/michaeltomlinson/Documents/TYTO/AI_DOCS_CLAUDE_PLUGIN/packages/tyto-docs-engine"
      }
    },
    "../../TYTO/AI_DOCS_CLAUDE_PLUGIN/packages/tyto-docs-cli": {
      "name": "@tytoltd/tyto-docs",
      "version": "0.9.0",
      "dev": true,
      "dependencies": {
        "@tytoltd/tyto-docs-engine": "0.9.0"
      },
      "bin": {
        "tyto-docs": "bin/tyto-docs"
      },
      "engines": {
        "node": ">=20"
      }
    },
    "../../TYTO/AI_DOCS_CLAUDE_PLUGIN/packages/tyto-docs-engine": {
      "name": "@tytoltd/tyto-docs-engine",
      "version": "0.9.0",
      "dev": true,
      "dependencies": {
        "ajv": "8.17.1",
        "ajv-formats": "3.0.1",
        "typescript": "5.9.3",
        "web-tree-sitter": "0.26.13"
      },
      "bin": {
        "tyto-docs-engine": "bin/tyto-docs-engine"
      },
      "devDependencies": {
        "@vscode/tree-sitter-wasm": "0.3.1"
      }
    },
    "node_modules/@tytoltd/tyto-docs": {
      "resolved": "../../TYTO/AI_DOCS_CLAUDE_PLUGIN/packages/tyto-docs-cli",
      "link": true
    },
    "node_modules/@tytoltd/tyto-docs-engine": {
      "resolved": "../../TYTO/AI_DOCS_CLAUDE_PLUGIN/packages/tyto-docs-engine",
      "link": true
    }
  }
}
